
Microsoft Visual Studio Solution File, Format Version 12.00
# Visual Studio Version 17
VisualStudioVersion = 17.6.33723.286
MinimumVisualStudioVersion = 10.0.40219.1
Project("{FAE04EC0-301F-11D3-BF4B-00C04F79EFBC}") = "ThemePOC.Client", "Client\ThemePOC.Client.csproj", "{63CCBA53-A47C-49F1-8934-6C9A258CB4F7}"
EndProject
Project("{FAE04EC0-301F-11D3-BF4B-00C04F79EFBC}") = "ThemePOC.Server", "Server\ThemePOC.Server.csproj", "{012D2EC9-38DA-4476-B908-A6721D1F6174}"
EndProject
Project("{FAE04EC0-301F-11D3-BF4B-00C04F79EFBC}") = "ThemePOC.Shared", "Shared\ThemePOC.Shared.csproj", "{274C5074-F940-43D0-8AD4-456C53019DEC}"
EndProject
Global
	GlobalSection(SolutionConfigurationPlatforms) = preSolution
		Debug|Any CPU = Debug|Any CPU
		Release|Any CPU = Release|Any CPU
	EndGlobalSection
	GlobalSection(ProjectConfigurationPlatforms) = postSolution
		{63CCBA53-A47C-49F1-8934-6C9A258CB4F7}.Debug|Any CPU.ActiveCfg = Debug|Any CPU
		{63CCBA53-A47C-49F1-8934-6C9A258CB4F7}.Debug|Any CPU.Build.0 = Debug|Any CPU
		{63CCBA53-A47C-49F1-8934-6C9A258CB4F7}.Release|Any CPU.ActiveCfg = Release|Any CPU
		{63CCBA53-A47C-49F1-8934-6C9A258CB4F7}.Release|Any CPU.Build.0 = Release|Any CPU
		{012D2EC9-38DA-4476-B908-A6721D1F6174}.Debug|Any CPU.ActiveCfg = Debug|Any CPU
		{012D2EC9-38DA-4476-B908-A6721D1F6174}.Debug|Any CPU.Build.0 = Debug|Any CPU
		{012D2EC9-38DA-4476-B908-A6721D1F6174}.Release|Any CPU.ActiveCfg = Release|Any CPU
		{012D2EC9-38DA-4476-B908-A6721D1F6174}.Release|Any CPU.Build.0 = Release|Any CPU
		{274C5074-F940-43D0-8AD4-456C53019DEC}.Debug|Any CPU.ActiveCfg = Debug|Any CPU
		{274C5074-F940-43D0-8AD4-456C53019DEC}.Debug|Any CPU.Build.0 = Debug|Any CPU
		{274C5074-F940-43D0-8AD4-456C53019DEC}.Release|Any CPU.ActiveCfg = Release|Any CPU
		{274C5074-F940-43D0-8AD4-456C53019DEC}.Release|Any CPU.Build.0 = Release|Any CPU
	EndGlobalSection
	GlobalSection(SolutionProperties) = preSolution
		HideSolutionNode = FALSE
	EndGlobalSection
	GlobalSection(ExtensibilityGlobals) = postSolution
		SolutionGuid = {D2BFD39E-F90A-4E6F-9C83-0ABCA3F6273D}
	EndGlobalSection
EndGlobal
